
Microsoft Visual Studio Solution File, Format Version 12.00
# Visual Studio Version 16
VisualStudioVersion = 16.0.31729.503
MinimumVisualStudioVersion = 10.0.40219.1
Project("{FAE04EC0-301F-11D3-BF4B-00C04F79EFBC}") = "TheBanksCustomerTrackingProject", "TheBanksCustomerTrackingProject\TheBanksCustomerTrackingProject.csproj", "{83BB5D80-097E-46AE-BA3F-0AFDF949B701}"
EndProject
Global
	GlobalSection(SolutionConfigurationPlatforms) = preSolution
		Debug|Any CPU = Debug|Any CPU
		Release|Any CPU = Release|Any CPU
	EndGlobalSection
	GlobalSection(ProjectConfigurationPlatforms) = postSolution
		{83BB5D80-097E-46AE-BA3F-0AFDF949B701}.Debug|Any CPU.ActiveCfg = Debug|Any CPU
		{83BB5D80-097E-46AE-BA3F-0AFDF949B701}.Debug|Any CPU.Build.0 = Debug|Any CPU
		{83BB5D80-097E-46AE-BA3F-0AFDF949B701}.Release|Any CPU.ActiveCfg = Release|Any CPU
		{83BB5D80-097E-46AE-BA3F-0AFDF949B701}.Release|Any CPU.Build.0 = Release|Any CPU
	EndGlobalSection
	GlobalSection(SolutionProperties) = preSolution
		HideSolutionNode = FALSE
	EndGlobalSection
	GlobalSection(ExtensibilityGlobals) = postSolution
		SolutionGuid = {570449B4-7504-445A-B25B-5905223C4749}
	EndGlobalSection
EndGlobal
